<?xml version="1.0" encoding="utf-8"?>
<Project ToolsVersion="4.0" xmlns="http://schemas.microsoft.com/developer/msbuild/2003">
  <ItemGroup>
    <Filter Include="Source Files">
      <UniqueIdentifier>{4FC737F1-C7A5-4376-A066-2A32D752A2FF}</UniqueIdentifier>
      <Extensions>cpp;c;cc;cxx;c++;cppm;ixx;def;odl;idl;hpj;bat;asm;asmx</Extensions>
    </Filter>
    <Filter Include="Header Files">
      <UniqueIdentifier>{93995380-89BD-4b04-88EB-625FBE52EBFB}</UniqueIdentifier>
      <Extensions>h;hh;hpp;hxx;h++;hm;inl;inc;ipp;xsd</Extensions>
    </Filter>
    <Filter Include="res">
      <UniqueIdentifier>{b99083e4-ba36-4f5e-abf4-a2e8fd9e0552}</UniqueIdentifier>
    </Filter>
    <Filter Include="res\texture">
      <UniqueIdentifier>{6714e624-9768-46d5-bf2d-a0c0c8b479bb}</UniqueIdentifier>
    </Filter>
    <Filter Include="res\texture\piece_textures">
      <UniqueIdentifier>{ed74a512-6a22-4dd0-b8df-c8e15e625409}</UniqueIdentifier>
    </Filter>
    <Filter Include="res\texture\other_textures">
      <UniqueIdentifier>{9cf4fec5-db14-4b90-ad3c-4ab41eeb3e4c}</UniqueIdentifier>
    </Filter>
  </ItemGroup>
  <ItemGroup>
    <ClCompile Include="src\assets.cpp">
      <Filter>Source Files</Filter>
    </ClCompile>
    <ClCompile Include="src\functions.cpp">
      <Filter>Source Files</Filter>
    </ClCompile>
    <ClCompile Include="src\main.cpp">
      <Filter>Source Files</Filter>
    </ClCompile>
    <ClCompile Include="src\objects.cpp">
      <Filter>Source Files</Filter>
    </ClCompile>
  </ItemGroup>
  <ItemGroup>
    <ClInclude Include="src\assets.h">
      <Filter>Header Files</Filter>
    </ClInclude>
    <ClInclude Include="src\functions.h">
      <Filter>Header Files</Filter>
    </ClInclude>
    <ClInclude Include="src\objects.h">
      <Filter>Header Files</Filter>
    </ClInclude>
    <ClInclude Include="src\settings.h">
      <Filter>Header Files</Filter>
    </ClInclude>
  </ItemGroup>
  <ItemGroup>
    <None Include="src\todo" />
  </ItemGroup>
  <ItemGroup>
    <Image Include="res\textures\piece_textures\bbishop.png">
      <Filter>res\texture\piece_textures</Filter>
    </Image>
    <Image Include="res\textures\piece_textures\bking.png">
      <Filter>res\texture\piece_textures</Filter>
    </Image>
    <Image Include="res\textures\piece_textures\bknight.png">
      <Filter>res\texture\piece_textures</Filter>
    </Image>
    <Image Include="res\textures\piece_textures\bpawn.png">
      <Filter>res\texture\piece_textures</Filter>
    </Image>
    <Image Include="res\textures\piece_textures\bqueen.png">
      <Filter>res\texture\piece_textures</Filter>
    </Image>
    <Image Include="res\textures\piece_textures\brook.png">
      <Filter>res\texture\piece_textures</Filter>
    </Image>
    <Image Include="res\textures\piece_textures\cell.png">
      <Filter>res\texture\piece_textures</Filter>
    </Image>
    <Image Include="res\textures\piece_textures\wbishop.png">
      <Filter>res\texture\piece_textures</Filter>
    </Image>
    <Image Include="res\textures\piece_textures\wking.png">
      <Filter>res\texture\piece_textures</Filter>
    </Image>
    <Image Include="res\textures\piece_textures\wknight.png">
      <Filter>res\texture\piece_textures</Filter>
    </Image>
    <Image Include="res\textures\piece_textures\wpawn.png">
      <Filter>res\texture\piece_textures</Filter>
    </Image>
    <Image Include="res\textures\piece_textures\wqueen.png">
      <Filter>res\texture\piece_textures</Filter>
    </Image>
    <Image Include="res\textures\piece_textures\wrook.png">
      <Filter>res\texture\piece_textures</Filter>
    </Image>
    <Image Include="res\textures\other_textures\black_win.png">
      <Filter>res\texture\other_textures</Filter>
    </Image>
    <Image Include="res\textures\other_textures\board.png">
      <Filter>res\texture\other_textures</Filter>
    </Image>
    <Image Include="res\textures\other_textures\board_with_numbers.png">
      <Filter>res\texture\other_textures</Filter>
    </Image>
    <Image Include="res\textures\other_textures\cell_named.png">
      <Filter>res\texture\other_textures</Filter>
    </Image>
    <Image Include="res\textures\other_textures\legalMoveIndicator.png">
      <Filter>res\texture\other_textures</Filter>
    </Image>
    <Image Include="res\textures\other_textures\mark.png">
      <Filter>res\texture\other_textures</Filter>
    </Image>
    <Image Include="res\textures\other_textures\stalemate.png">
      <Filter>res\texture\other_textures</Filter>
    </Image>
    <Image Include="res\textures\other_textures\white_win.png">
      <Filter>res\texture\other_textures</Filter>
    </Image>
    <Image Include="res\textures\other_textures\cell.png">
      <Filter>res\texture\other_textures</Filter>
    </Image>
  </ItemGroup>
</Project>