<?xml version="1.0" encoding="utf-8"?>
<Project ToolsVersion="4.0" xmlns="http://schemas.microsoft.com/developer/msbuild/2003">
  <ItemGroup>
    <Filter Include="Source Files">
      <UniqueIdentifier>{4FC737F1-C7A5-4376-A066-2A32D752A2FF}</UniqueIdentifier>
      <Extensions>cpp;c;cc;cxx;c++;cppm;ixx;def;odl;idl;hpj;bat;asm;asmx</Extensions>
    </Filter>
    <Filter Include="Header Files">
      <UniqueIdentifier>{93995380-89BD-4b04-88EB-625FBE52EBFB}</UniqueIdentifier>
      <Extensions>h;hh;hpp;hxx;h++;hm;inl;inc;ipp;xsd</Extensions>
    </Filter>
    <Filter Include="Resource Files">
      <UniqueIdentifier>{67DA6AB6-F800-4c08-8B7A-83BB121AAD01}</UniqueIdentifier>
      <Extensions>rc;ico;cur;bmp;dlg;rc2;rct;bin;rgs;gif;jpg;jpeg;jpe;resx;tiff;tif;png;wav;mfcribbon-ms</Extensions>
    </Filter>
  </ItemGroup>
  <ItemGroup>
    <ClCompile Include="src\assets.cpp">
      <Filter>Source Files</Filter>
    </ClCompile>
    <ClCompile Include="src\functions.cpp">
      <Filter>Source Files</Filter>
    </ClCompile>
    <ClCompile Include="src\main.cpp">
      <Filter>Source Files</Filter>
    </ClCompile>
    <ClCompile Include="src\objects.cpp">
      <Filter>Source Files</Filter>
    </ClCompile>
  </ItemGroup>
  <ItemGroup>
    <ClInclude Include="src\assets.h">
      <Filter>Header Files</Filter>
    </ClInclude>
    <ClInclude Include="src\functions.h">
      <Filter>Header Files</Filter>
    </ClInclude>
    <ClInclude Include="src\objects.h">
      <Filter>Header Files</Filter>
    </ClInclude>
  </ItemGroup>
  <ItemGroup>
    <None Include="src\todo" />
  </ItemGroup>
  <ItemGroup>
    <Image Include="res\textures\piece_textures\bbishop.png">
      <Filter>Resource Files</Filter>
    </Image>
    <Image Include="res\textures\piece_textures\bking.png">
      <Filter>Resource Files</Filter>
    </Image>
    <Image Include="res\textures\piece_textures\bknight.png">
      <Filter>Resource Files</Filter>
    </Image>
    <Image Include="res\textures\piece_textures\bpawn.png">
      <Filter>Resource Files</Filter>
    </Image>
    <Image Include="res\textures\piece_textures\bqueen.png">
      <Filter>Resource Files</Filter>
    </Image>
    <Image Include="res\textures\piece_textures\brook.png">
      <Filter>Resource Files</Filter>
    </Image>
    <Image Include="res\textures\piece_textures\cell.png">
      <Filter>Resource Files</Filter>
    </Image>
    <Image Include="res\textures\piece_textures\wbishop.png">
      <Filter>Resource Files</Filter>
    </Image>
    <Image Include="res\textures\piece_textures\wking.png">
      <Filter>Resource Files</Filter>
    </Image>
    <Image Include="res\textures\piece_textures\wknight.png">
      <Filter>Resource Files</Filter>
    </Image>
    <Image Include="res\textures\piece_textures\wpawn.png">
      <Filter>Resource Files</Filter>
    </Image>
    <Image Include="res\textures\piece_textures\wqueen.png">
      <Filter>Resource Files</Filter>
    </Image>
    <Image Include="res\textures\piece_textures\wrook.png">
      <Filter>Resource Files</Filter>
    </Image>
    <Image Include="res\textures\other_textures\black_win.png">
      <Filter>Resource Files</Filter>
    </Image>
    <Image Include="res\textures\other_textures\board.png">
      <Filter>Resource Files</Filter>
    </Image>
    <Image Include="res\textures\other_textures\board_with_numbers.png">
      <Filter>Resource Files</Filter>
    </Image>
    <Image Include="res\textures\other_textures\cell_named.png">
      <Filter>Resource Files</Filter>
    </Image>
    <Image Include="res\textures\other_textures\legalMoveIndicator.png">
      <Filter>Resource Files</Filter>
    </Image>
    <Image Include="res\textures\other_textures\mark.png">
      <Filter>Resource Files</Filter>
    </Image>
    <Image Include="res\textures\other_textures\stalemate.png">
      <Filter>Resource Files</Filter>
    </Image>
    <Image Include="res\textures\other_textures\white_win.png">
      <Filter>Resource Files</Filter>
    </Image>
    <Image Include="res\textures\big_textures\blackBishop_big.png">
      <Filter>Resource Files</Filter>
    </Image>
    <Image Include="res\textures\big_textures\blackKing_big.png">
      <Filter>Resource Files</Filter>
    </Image>
    <Image Include="res\textures\big_textures\blackKnight_big.png">
      <Filter>Resource Files</Filter>
    </Image>
    <Image Include="res\textures\big_textures\blackpawn_big.png">
      <Filter>Resource Files</Filter>
    </Image>
    <Image Include="res\textures\big_textures\blackQueen_big.png">
      <Filter>Resource Files</Filter>
    </Image>
    <Image Include="res\textures\big_textures\blackRook_big.png">
      <Filter>Resource Files</Filter>
    </Image>
    <Image Include="res\textures\big_textures\board_big.png">
      <Filter>Resource Files</Filter>
    </Image>
    <Image Include="res\textures\big_textures\cell_big.png">
      <Filter>Resource Files</Filter>
    </Image>
    <Image Include="res\textures\big_textures\legalMoveIndicator_big.png">
      <Filter>Resource Files</Filter>
    </Image>
    <Image Include="res\textures\big_textures\mark_big.png">
      <Filter>Resource Files</Filter>
    </Image>
    <Image Include="res\textures\big_textures\whiteBishop_big.png">
      <Filter>Resource Files</Filter>
    </Image>
    <Image Include="res\textures\big_textures\whiteKing_big.png">
      <Filter>Resource Files</Filter>
    </Image>
    <Image Include="res\textures\big_textures\whiteKnight_big.png">
      <Filter>Resource Files</Filter>
    </Image>
    <Image Include="res\textures\big_textures\whitepawn_big.png">
      <Filter>Resource Files</Filter>
    </Image>
    <Image Include="res\textures\big_textures\whiteQueen_big.png">
      <Filter>Resource Files</Filter>
    </Image>
    <Image Include="res\textures\big_textures\whiteRook_big.png">
      <Filter>Resource Files</Filter>
    </Image>
  </ItemGroup>
</Project>